// !$*UTF8*$!
{
	archiveVersion = 1;
	classes = {
	};
	objectVersion = 46;
	objects = {

/* Begin PBXBuildFile section */
		3CCC99FF16AA7898004C912A /* UIKit.framework in Frameworks */ = {isa = PBXBuildFile; fileRef = 3CCC99FE16AA7898004C912A /* UIKit.framework */; };
		3CCC9A0116AA7898004C912A /* Foundation.framework in Frameworks */ = {isa = PBXBuildFile; fileRef = 3CCC9A0016AA7898004C912A /* Foundation.framework */; };
		3CCC9A0316AA7898004C912A /* CoreGraphics.framework in Frameworks */ = {isa = PBXBuildFile; fileRef = 3CCC9A0216AA7898004C912A /* CoreGraphics.framework */; };
		3CCC9A0916AA7898004C912A /* InfoPlist.strings in Resources */ = {isa = PBXBuildFile; fileRef = 3CCC9A0716AA7898004C912A /* InfoPlist.strings */; };
		3CCC9A0B16AA7898004C912A /* main.m in Sources */ = {isa = PBXBuildFile; fileRef = 3CCC9A0A16AA7898004C912A /* main.m */; };
		3CCC9A0F16AA7898004C912A /* AppDelegate.m in Sources */ = {isa = PBXBuildFile; fileRef = 3CCC9A0E16AA7898004C912A /* AppDelegate.m */; };
		3CCC9A1116AA7898004C912A /* Default.png in Resources */ = {isa = PBXBuildFile; fileRef = 3CCC9A1016AA7898004C912A /* Default.png */; };
		3CCC9A1316AA7898004C912A /* Default@2x.png in Resources */ = {isa = PBXBuildFile; fileRef = 3CCC9A1216AA7898004C912A /* Default@2x.png */; };
		3CCC9A1516AA7898004C912A /* Default-568h@2x.png in Resources */ = {isa = PBXBuildFile; fileRef = 3CCC9A1416AA7898004C912A /* Default-568h@2x.png */; };
/* End PBXBuildFile section */

/* Begin PBXFileReference section */
		3CCC99FA16AA7898004C912A /* tara.app */ = {isa = PBXFileReference; explicitFileType = wrapper.application; includeInIndex = 0; path = tara.app; sourceTree = BUILT_PRODUCTS_DIR; };
		3CCC99FE16AA7898004C912A /* UIKit.framework */ = {isa = PBXFileReference; lastKnownFileType = wrapper.framework; name = UIKit.framework; path = System/Library/Frameworks/UIKit.framework; sourceTree = SDKROOT; };
		3CCC9A0016AA7898004C912A /* Foundation.framework */ = {isa = PBXFileReference; lastKnownFileType = wrapper.framework; name = Foundation.framework; path = System/Library/Frameworks/Foundation.framework; sourceTree = SDKROOT; };
		3CCC9A0216AA7898004C912A /* CoreGraphics.framework */ = {isa = PBXFileReference; lastKnownFileType = wrapper.framework; name = CoreGraphics.framework; path = System/Library/Frameworks/CoreGraphics.framework; sourceTree = SDKROOT; };
		3CCC9A0616AA7898004C912A /* tara-Info.plist */ = {isa = PBXFileReference; lastKnownFileType = text.plist.xml; path = "tara-Info.plist"; sourceTree = "<group>"; };
		3CCC9A0816AA7898004C912A /* en */ = {isa = PBXFileReference; lastKnownFileType = text.plist.strings; name = en; path = en.lproj/InfoPlist.strings; sourceTree = "<group>"; };
		3CCC9A0A16AA7898004C912A /* main.m */ = {isa = PBXFileReference; lastKnownFileType = sourcecode.c.objc; path = main.m; sourceTree = "<group>"; };
		3CCC9A0C16AA7898004C912A /* tara-Prefix.pch */ = {isa = PBXFileReference; lastKnownFileType = sourcecode.c.h; path = "tara-Prefix.pch"; sourceTree = "<group>"; };
		3CCC9A0D16AA7898004C912A /* AppDelegate.h */ = {isa = PBXFileReference; lastKnownFileType = sourcecode.c.h; path = AppDelegate.h; sourceTree = "<group>"; };
		3CCC9A0E16AA7898004C912A /* AppDelegate.m */ = {isa = PBXFileReference; lastKnownFileType = sourcecode.c.objc; path = AppDelegate.m; sourceTree = "<group>"; };
		3CCC9A1016AA7898004C912A /* Default.png */ = {isa = PBXFileReference; lastKnownFileType = image.png; path = Default.png; sourceTree = "<group>"; };
		3CCC9A1216AA7898004C912A /* Default@2x.png */ = {isa = PBXFileReference; lastKnownFileType = image.png; path = "Default@2x.png"; sourceTree = "<group>"; };
		3CCC9A1416AA7898004C912A /* Default-568h@2x.png */ = {isa = PBXFileReference; lastKnownFileType = image.png; path = "Default-568h@2x.png"; sourceTree = "<group>"; };
/* End PBXFileReference section */

/* Begin PBXFrameworksBuildPhase section */
		3CCC99F716AA7898004C912A /* Frameworks */ = {
			isa = PBXFrameworksBuildPhase;
			buildActionMask = 2147483647;
			files = (
				3CCC99FF16AA7898004C912A /* UIKit.framework in Frameworks */,
				3CCC9A0116AA7898004C912A /* Foundation.framework in Frameworks */,
				3CCC9A0316AA7898004C912A /* CoreGraphics.framework in Frameworks */,
			);
			runOnlyForDeploymentPostprocessing = 0;
		};
/* End PBXFrameworksBuildPhase section */

/* Begin PBXGroup section */
		3CCC99EF16AA7898004C912A = {
			isa = PBXGroup;
			children = (
				3CCC9A0416AA7898004C912A /* tara */,
				3CCC99FD16AA7898004C912A /* Frameworks */,
				3CCC99FB16AA7898004C912A /* Products */,
			);
			sourceTree = "<group>";
		};
		3CCC99FB16AA7898004C912A /* Products */ = {
			isa = PBXGroup;
			children = (
				3CCC99FA16AA7898004C912A /* tara.app */,
			);
			name = Products;
			sourceTree = "<group>";
		};
		3CCC99FD16AA7898004C912A /* Frameworks */ = {
			isa = PBXGroup;
			children = (
				3CCC99FE16AA7898004C912A /* UIKit.framework */,
				3CCC9A0016AA7898004C912A /* Foundation.framework */,
				3CCC9A0216AA7898004C912A /* CoreGraphics.framework */,
			);
			name = Frameworks;
			sourceTree = "<group>";
		};
		3CCC9A0416AA7898004C912A /* tara */ = {
			isa = PBXGroup;
			children = (
				3CCC9A0D16AA7898004C912A /* AppDelegate.h */,
				3CCC9A0E16AA7898004C912A /* AppDelegate.m */,
				3CCC9A0516AA7898004C912A /* Supporting Files */,
			);
			path = tara;
			sourceTree = "<group>";
		};
		3CCC9A0516AA7898004C912A /* Supporting Files */ = {
			isa = PBXGroup;
			children = (
				3CCC9A0616AA7898004C912A /* tara-Info.plist */,
				3CCC9A0716AA7898004C912A /* InfoPlist.strings */,
				3CCC9A0A16AA7898004C912A /* main.m */,
				3CCC9A0C16AA7898004C912A /* tara-Prefix.pch */,
				3CCC9A1016AA7898004C912A /* Default.png */,
				3CCC9A1216AA7898004C912A /* Default@2x.png */,
				3CCC9A1416AA7898004C912A /* Default-568h@2x.png */,
			);
			name = "Supporting Files";
			sourceTree = "<group>";
		};
/* End PBXGroup section */

/* Begin PBXNativeTarget section */
		3CCC99F916AA7898004C912A /* tara */ = {
			isa = PBXNativeTarget;
			buildConfigurationList = 3CCC9A1816AA7898004C912A /* Build configuration list for PBXNativeTarget "tara" */;
			buildPhases = (
				3CCC99F616AA7898004C912A /* Sources */,
				3CCC99F716AA7898004C912A /* Frameworks */,
				3CCC99F816AA7898004C912A /* Resources */,
			);
			buildRules = (
			);
			dependencies = (
			);
			name = tara;
			productName = tara;
			productReference = 3CCC99FA16AA7898004C912A /* tara.app */;
			productType = "com.apple.product-type.application";
		};
/* End PBXNativeTarget section */

/* Begin PBXProject section */
		3CCC99F116AA7898004C912A /* Project object */ = {
			isa = PBXProject;
			attributes = {
				LastUpgradeCheck = 0450;
				ORGANIZATIONNAME = ycz;
			};
			buildConfigurationList = 3CCC99F416AA7898004C912A /* Build configuration list for PBXProject "tara" */;
			compatibilityVersion = "Xcode 3.2";
			developmentRegion = English;
			hasScannedForEncodings = 0;
			knownRegions = (
				en,
			);
			mainGroup = 3CCC99EF16AA7898004C912A;
			productRefGroup = 3CCC99FB16AA7898004C912A /* Products */;
			projectDirPath = "";
			projectRoot = "";
			targets = (
				3CCC99F916AA7898004C912A /* tara */,
			);
		};
/* End PBXProject section */

/* Begin PBXResourcesBuildPhase section */
		3CCC99F816AA7898004C912A /* Resources */ = {
			isa = PBXResourcesBuildPhase;
			buildActionMask = 2147483647;
			files = (
				3CCC9A0916AA7898004C912A /* InfoPlist.strings in Resources */,
				3CCC9A1116AA7898004C912A /* Default.png in Resources */,
				3CCC9A1316AA7898004C912A /* Default@2x.png in Resources */,
				3CCC9A1516AA7898004C912A /* Default-568h@2x.png in Resources */,
			);
			runOnlyForDeploymentPostprocessing = 0;
		};
/* End PBXResourcesBuildPhase section */

/* Begin PBXSourcesBuildPhase section */
		3CCC99F616AA7898004C912A /* Sources */ = {
			isa = PBXSourcesBuildPhase;
			buildActionMask = 2147483647;
			files = (
				3CCC9A0B16AA7898004C912A /* main.m in Sources */,
				3CCC9A0F16AA7898004C912A /* AppDelegate.m in Sources */,
			);
			runOnlyForDeploymentPostprocessing = 0;
		};
/* End PBXSourcesBuildPhase section */

/* Begin PBXVariantGroup section */
		3CCC9A0716AA7898004C912A /* InfoPlist.strings */ = {
			isa = PBXVariantGroup;
			children = (
				3CCC9A0816AA7898004C912A /* en */,
			);
			name = InfoPlist.strings;
			sourceTree = "<group>";
		};
/* End PBXVariantGroup section */

/* Begin XCBuildConfiguration section */
		3CCC9A1616AA7898004C912A /* Debug */ = {
			isa = XCBuildConfiguration;
			buildSettings = {
				ALWAYS_SEARCH_USER_PATHS = NO;
				CLANG_CXX_LANGUAGE_STANDARD = "gnu++0x";
				CLANG_CXX_LIBRARY = "libc++";
				CLANG_WARN_EMPTY_BODY = YES;
				CLANG_WARN__DUPLICATE_METHOD_MATCH = YES;
				"CODE_SIGN_IDENTITY[sdk=iphoneos*]" = "iPhone Developer";
				COPY_PHASE_STRIP = NO;
				GCC_C_LANGUAGE_STANDARD = gnu99;
				GCC_DYNAMIC_NO_PIC = NO;
				GCC_OPTIMIZATION_LEVEL = 0;
				GCC_PREPROCESSOR_DEFINITIONS = (
					"DEBUG=1",
					"$(inherited)",
				);
				GCC_SYMBOLS_PRIVATE_EXTERN = NO;
				GCC_WARN_ABOUT_RETURN_TYPE = YES;
				GCC_WARN_UNINITIALIZED_AUTOS = YES;
				GCC_WARN_UNUSED_VARIABLE = YES;
				IPHONEOS_DEPLOYMENT_TARGET = 6.0;
				SDKROOT = iphoneos;
				TARGETED_DEVICE_FAMILY = "1,2";
			};
			name = Debug;
		};
		3CCC9A1716AA7898004C912A /* Release */ = {
			isa = XCBuildConfiguration;
			buildSettings = {
				ALWAYS_SEARCH_USER_PATHS = NO;
				CLANG_CXX_LANGUAGE_STANDARD = "gnu++0x";
				CLANG_CXX_LIBRARY = "libc++";
				CLANG_WARN_EMPTY_BODY = YES;
				CLANG_WARN__DUPLICATE_METHOD_MATCH = YES;
				"CODE_SIGN_IDENTITY[sdk=iphoneos*]" = "iPhone Developer";
				COPY_PHASE_STRIP = YES;
				GCC_C_LANGUAGE_STANDARD = gnu99;
				GCC_WARN_ABOUT_RETURN_TYPE = YES;
				GCC_WARN_UNINITIALIZED_AUTOS = YES;
				GCC_WARN_UNUSED_VARIABLE = YES;
				IPHONEOS_DEPLOYMENT_TARGET = 6.0;
				OTHER_CFLAGS = "-DNS_BLOCK_ASSERTIONS=1";
				SDKROOT = iphoneos;
				TARGETED_DEVICE_FAMILY = "1,2";
				VALIDATE_PRODUCT = YES;
			};
			name = Release;
		};
		3CCC9A1916AA7898004C912A /* Debug */ = {
			isa = XCBuildConfiguration;
			buildSettings = {
				GCC_PRECOMPILE_PREFIX_HEADER = YES;
				GCC_PREFIX_HEADER = "tara/tara-Prefix.pch";
				INFOPLIST_FILE = "tara/tara-Info.plist";
				PRODUCT_NAME = "$(TARGET_NAME)";
				WRAPPER_EXTENSION = app;
			};
			name = Debug;
		};
		3CCC9A1A16AA7898004C912A /* Release */ = {
			isa = XCBuildConfiguration;
			buildSettings = {
				GCC_PRECOMPILE_PREFIX_HEADER = YES;
				GCC_PREFIX_HEADER = "tara/tara-Prefix.pch";
				INFOPLIST_FILE = "tara/tara-Info.plist";
				PRODUCT_NAME = "$(TARGET_NAME)";
				WRAPPER_EXTENSION = app;
			};
			name = Release;
		};
/* End XCBuildConfiguration section */

/* Begin XCConfigurationList section */
		3CCC99F416AA7898004C912A /* Build configuration list for PBXProject "tara" */ = {
			isa = XCConfigurationList;
			buildConfigurations = (
				3CCC9A1616AA7898004C912A /* Debug */,
				3CCC9A1716AA7898004C912A /* Release */,
			);
			defaultConfigurationIsVisible = 0;
			defaultConfigurationName = Release;
		};
		3CCC9A1816AA7898004C912A /* Build configuration list for PBXNativeTarget "tara" */ = {
			isa = XCConfigurationList;
			buildConfigurations = (
				3CCC9A1916AA7898004C912A /* Debug */,
				3CCC9A1A16AA7898004C912A /* Release */,
			);
			defaultConfigurationIsVisible = 0;
		};
/* End XCConfigurationList section */
	};
	rootObject = 3CCC99F116AA7898004C912A /* Project object */;
}
